
Microsoft Visual Studio Solution File, Format Version 12.00
# Visual Studio Version 17
VisualStudioVersion = 17.1.32210.238
MinimumVisualStudioVersion = 10.0.40219.1
Project("{FAE04EC0-301F-11D3-BF4B-00C04F79EFBC}") = "RIRA.Client", "RIRA.Client\RIRA.Client.csproj", "{D7E1D7C5-0417-4064-9807-C3E5837E36FC}"
EndProject
Global
	GlobalSection(SolutionConfigurationPlatforms) = preSolution
		Debug|Any CPU = Debug|Any CPU
		Release|Any CPU = Release|Any CPU
	EndGlobalSection
	GlobalSection(ProjectConfigurationPlatforms) = postSolution
		{D7E1D7C5-0417-4064-9807-C3E5837E36FC}.Debug|Any CPU.ActiveCfg = Debug|Any CPU
		{D7E1D7C5-0417-4064-9807-C3E5837E36FC}.Debug|Any CPU.Build.0 = Debug|Any CPU
		{D7E1D7C5-0417-4064-9807-C3E5837E36FC}.Release|Any CPU.ActiveCfg = Release|Any CPU
		{D7E1D7C5-0417-4064-9807-C3E5837E36FC}.Release|Any CPU.Build.0 = Release|Any CPU
	EndGlobalSection
	GlobalSection(SolutionProperties) = preSolution
		HideSolutionNode = FALSE
	EndGlobalSection
	GlobalSection(ExtensibilityGlobals) = postSolution
		SolutionGuid = {3C2FE58E-8E67-42F3-BE1D-4C42CCC849BF}
	EndGlobalSection
EndGlobal
